
Microsoft Visual Studio Solution File, Format Version 12.00
# Visual Studio Version 17
VisualStudioVersion = 17.7.34202.233
MinimumVisualStudioVersion = 10.0.40219.1
Project("{9A19103F-16F7-4668-BE54-9A1E7A4F7556}") = "ASFEnhanceAdapterDemoPlugin", "ASFEnhanceAdapterDemoPlugin\ASFEnhanceAdapterDemoPlugin.csproj", "{CE47B6C2-1ADD-4F34-AB05-ACCEE5B38336}"
EndProject
Project("{9A19103F-16F7-4668-BE54-9A1E7A4F7556}") = "ArchiSteamFarm", "ArchiSteamFarm\ArchiSteamFarm\ArchiSteamFarm.csproj", "{92A5C2D7-80FF-49FF-9538-BBE13EEDA629}"
EndProject
Global
	GlobalSection(SolutionConfigurationPlatforms) = preSolution
		Debug|Any CPU = Debug|Any CPU
		Release|Any CPU = Release|Any CPU
	EndGlobalSection
	GlobalSection(ProjectConfigurationPlatforms) = postSolution
		{CE47B6C2-1ADD-4F34-AB05-ACCEE5B38336}.Debug|Any CPU.ActiveCfg = Debug|Any CPU
		{CE47B6C2-1ADD-4F34-AB05-ACCEE5B38336}.Debug|Any CPU.Build.0 = Debug|Any CPU
		{CE47B6C2-1ADD-4F34-AB05-ACCEE5B38336}.Release|Any CPU.ActiveCfg = Release|Any CPU
		{CE47B6C2-1ADD-4F34-AB05-ACCEE5B38336}.Release|Any CPU.Build.0 = Release|Any CPU
		{92A5C2D7-80FF-49FF-9538-BBE13EEDA629}.Debug|Any CPU.ActiveCfg = Debug|Any CPU
		{92A5C2D7-80FF-49FF-9538-BBE13EEDA629}.Debug|Any CPU.Build.0 = Debug|Any CPU
		{92A5C2D7-80FF-49FF-9538-BBE13EEDA629}.Release|Any CPU.ActiveCfg = Release|Any CPU
		{92A5C2D7-80FF-49FF-9538-BBE13EEDA629}.Release|Any CPU.Build.0 = Release|Any CPU
	EndGlobalSection
	GlobalSection(SolutionProperties) = preSolution
		HideSolutionNode = FALSE
	EndGlobalSection
	GlobalSection(ExtensibilityGlobals) = postSolution
		SolutionGuid = {C958C5A0-A776-45D4-A4DB-1C50EE33147F}
	EndGlobalSection
EndGlobal
